# This file was autogenerated by uv via the following command:
#    uv pip compile python.spec --torch-backend=cpu --python-version=3.13 -o python.lock.new
accelerate==1.13.0
    # via
    #   docling-ibm-models
    #   docling-slim
annotated-doc==0.0.4
    # via typer
annotated-types==0.7.0
    # via pydantic
antlr4-python3-runtime==4.9.3
    # via omegaconf
anyio==4.13.0
    # via httpx
attrs==26.1.0
    # via
    #   jsonlines
    #   jsonschema
    #   referencing
beautifulsoup4==4.14.3
    # via docling-slim
certifi==2026.5.20
    # via
    #   docling-slim
    #   httpcore
    #   httpx
    #   requests
cffi==2.0.0
    # via cryptography
charset-normalizer==3.4.7
    # via
    #   pdfminer-six
    #   reportlab
    #   requests
click==8.4.1
    # via
    #   huggingface-hub
    #   typer
colorlog==6.10.1
    # via rapidocr
cryptography==48.0.0
    # via pdfminer-six
defusedxml==0.7.1
    # via
    #   docling-core
    #   docling-slim
dill==0.4.1
    # via multiprocess
docling-core==2.77.1
    # via
    #   docling-ibm-models
    #   docling-parse
    #   docling-slim
docling-ibm-models==3.13.2
    # via docling-slim
docling-parse==6.2.0
    # via docling-slim
docling-slim==2.96.0
    # via -r python.spec
et-xmlfile==2.0.0
    # via openpyxl
faker==40.19.1
    # via polyfactory
filelock==3.29.0
    # via
    #   huggingface-hub
    #   torch
filetype==1.2.0
    # via docling-slim
flatbuffers==25.12.19
    # via onnxruntime
fsspec==2026.4.0
    # via
    #   huggingface-hub
    #   torch
h11==0.16.0
    # via httpcore
hf-xet==1.5.0
    # via huggingface-hub
httpcore==1.0.9
    # via httpx
httpx==0.28.1
    # via
    #   docling-slim
    #   huggingface-hub
huggingface-hub==1.17.0
    # via
    #   accelerate
    #   docling-ibm-models
    #   docling-slim
    #   tokenizers
    #   transformers
idna==3.17
    # via
    #   anyio
    #   httpx
    #   requests
jinja2==3.1.6
    # via torch
jsonlines==4.0.0
    # via docling-ibm-models
jsonref==1.1.0
    # via docling-core
jsonschema==4.26.0
    # via docling-core
jsonschema-specifications==2025.9.1
    # via jsonschema
latex2mathml==3.81.0
    # via docling-core
lxml==6.1.1
    # via
    #   docling-slim
    #   python-docx
    #   python-pptx
markdown-it-py==4.2.0
    # via rich
marko==2.2.3
    # via docling-slim
markupsafe==3.0.3
    # via jinja2
mdurl==0.1.2
    # via markdown-it-py
mpire==2.10.2
    # via semchunk
mpmath==1.3.0
    # via sympy
multiprocess==0.70.19
    # via mpire
networkx==3.6.1
    # via torch
numpy==2.4.6
    # via
    #   accelerate
    #   docling-ibm-models
    #   docling-slim
    #   onnxruntime
    #   opencv-python
    #   pandas
    #   rapidocr
    #   safetensors
    #   scipy
    #   shapely
    #   torchvision
    #   transformers
omegaconf==2.3.0
    # via rapidocr
onnxruntime==1.26.0
    # via -r python.spec
opencv-python==4.13.0.92
    # via rapidocr
openpyxl==3.1.5
    # via
    #   -r python.spec
    #   docling-slim
packaging==26.2
    # via
    #   accelerate
    #   huggingface-hub
    #   onnxruntime
    #   safetensors
    #   transformers
pandas==3.0.3
    # via
    #   -r python.spec
    #   docling-core
pdf2image==1.17.0
    # via -r python.spec
pdfminer-six==20251230
    # via pdfplumber
pdfplumber==0.11.9
    # via -r python.spec
pillow==12.2.0
    # via
    #   docling-core
    #   docling-ibm-models
    #   docling-parse
    #   docling-slim
    #   pdf2image
    #   pdfplumber
    #   python-pptx
    #   rapidocr
    #   reportlab
    #   torchvision
pluggy==1.6.0
    # via docling-slim
polyfactory==3.3.0
    # via docling-slim
protobuf==7.35.0
    # via onnxruntime
psutil==7.2.2
    # via accelerate
pyclipper==1.4.0
    # via rapidocr
pycparser==3.0
    # via cffi
pydantic==2.13.4
    # via
    #   docling-core
    #   docling-ibm-models
    #   docling-parse
    #   docling-slim
    #   pydantic-settings
pydantic-core==2.46.4
    # via pydantic
pydantic-settings==2.14.1
    # via
    #   docling-core
    #   docling-slim
pygments==2.20.0
    # via
    #   mpire
    #   rich
pylatexenc==2.10
    # via docling-slim
pypdf==6.12.2
    # via -r python.spec
pypdfium2==5.8.0
    # via
    #   docling-slim
    #   pdfplumber
python-dateutil==2.9.0.post0
    # via pandas
python-docx==1.2.0
    # via docling-slim
python-dotenv==1.2.2
    # via pydantic-settings
python-pptx==1.0.2
    # via docling-slim
pyyaml==6.0.3
    # via
    #   accelerate
    #   docling-core
    #   huggingface-hub
    #   omegaconf
    #   rapidocr
    #   transformers
rapidocr==3.8.1
    # via docling-slim
referencing==0.37.0
    # via
    #   jsonschema
    #   jsonschema-specifications
regex==2026.5.9
    # via transformers
reportlab==4.5.1
    # via -r python.spec
requests==2.34.2
    # via
    #   docling-slim
    #   rapidocr
rich==15.0.0
    # via
    #   docling-slim
    #   typer
rpds-py==2026.5.1
    # via
    #   jsonschema
    #   referencing
rtree==1.4.1
    # via
    #   docling-ibm-models
    #   docling-slim
safetensors==0.7.0
    # via
    #   accelerate
    #   docling-ibm-models
    #   transformers
scipy==1.17.1
    # via docling-slim
semchunk==3.2.5
    # via docling-core
setuptools==81.0.0
    # via torch
shapely==2.1.2
    # via rapidocr
shellingham==1.5.4
    # via typer
six==1.17.0
    # via
    #   python-dateutil
    #   rapidocr
soupsieve==2.8.4
    # via beautifulsoup4
sympy==1.14.0
    # via torch
tabulate==0.10.0
    # via
    #   docling-core
    #   docling-parse
tokenizers==0.22.2
    # via transformers
torch==2.12.0+cpu
    # via
    #   accelerate
    #   docling-ibm-models
    #   docling-slim
    #   safetensors
    #   torchvision
torchvision==0.27.0+cpu
    # via
    #   docling-ibm-models
    #   docling-slim
tqdm==4.67.3
    # via
    #   docling-ibm-models
    #   docling-slim
    #   huggingface-hub
    #   mpire
    #   rapidocr
    #   semchunk
    #   transformers
transformers==5.9.0
    # via
    #   docling-core
    #   docling-ibm-models
tree-sitter==0.25.2
    # via docling-core
tree-sitter-c==0.24.2
    # via docling-core
tree-sitter-javascript==0.25.0
    # via docling-core
tree-sitter-python==0.25.0
    # via docling-core
tree-sitter-typescript==0.23.2
    # via docling-core
typer==0.21.2
    # via
    #   docling-core
    #   docling-slim
    #   huggingface-hub
    #   transformers
typing-extensions==4.15.0
    # via
    #   beautifulsoup4
    #   docling-core
    #   huggingface-hub
    #   polyfactory
    #   pydantic
    #   pydantic-core
    #   python-docx
    #   python-pptx
    #   torch
    #   typing-inspection
typing-inspection==0.4.2
    # via
    #   pydantic
    #   pydantic-settings
urllib3==2.7.0
    # via requests
websockets==16.0
    # via docling-slim
xlsxwriter==3.2.9
    # via python-pptx
